
Microsoft Visual Studio Solution File, Format Version 12.00
# Visual Studio Version 16
VisualStudioVersion = 16.0.30406.217
MinimumVisualStudioVersion = 10.0.40219.1
Project("{FAE04EC0-301F-11D3-BF4B-00C04F79EFBC}") = "TestSalesDB", "TestSalesDB\TestSalesDB.csproj", "{7B19F0DF-D744-4DBE-AE43-61A2CC12D96B}"
EndProject
Global
	GlobalSection(SolutionConfigurationPlatforms) = preSolution
		Debug|Any CPU = Debug|Any CPU
		Release|Any CPU = Release|Any CPU
	EndGlobalSection
	GlobalSection(ProjectConfigurationPlatforms) = postSolution
		{7B19F0DF-D744-4DBE-AE43-61A2CC12D96B}.Debug|Any CPU.ActiveCfg = Debug|Any CPU
		{7B19F0DF-D744-4DBE-AE43-61A2CC12D96B}.Debug|Any CPU.Build.0 = Debug|Any CPU
		{7B19F0DF-D744-4DBE-AE43-61A2CC12D96B}.Release|Any CPU.ActiveCfg = Release|Any CPU
		{7B19F0DF-D744-4DBE-AE43-61A2CC12D96B}.Release|Any CPU.Build.0 = Release|Any CPU
	EndGlobalSection
	GlobalSection(SolutionProperties) = preSolution
		HideSolutionNode = FALSE
	EndGlobalSection
	GlobalSection(ExtensibilityGlobals) = postSolution
		SolutionGuid = {A10B6291-EEF9-42BF-9D80-DF32EB182E89}
	EndGlobalSection
EndGlobal
